
Microsoft Visual Studio Solution File, Format Version 12.00
# Visual Studio Version 16
VisualStudioVersion = 16.0.29926.136
MinimumVisualStudioVersion = 10.0.40219.1
Project("{FAE04EC0-301F-11D3-BF4B-00C04F79EFBC}") = "SFA.DAS.ToolsNotifications.Api", "SFA.DAS.ToolsNotifications.Api\SFA.DAS.ToolsNotifications.Api.csproj", "{B50D9B36-297F-4B01-8029-911A04639A69}"
EndProject
Project("{FAE04EC0-301F-11D3-BF4B-00C04F79EFBC}") = "SFA.DAS.ToolsNotifications.Core", "SFA.DAS.ToolsNotifications.Core\SFA.DAS.ToolsNotifications.Core.csproj", "{85EF7D65-90F2-4A69-A8BE-EB006CF2793E}"
EndProject
Project("{FAE04EC0-301F-11D3-BF4B-00C04F79EFBC}") = "SFA.DAS.ToolsNotifications.Infrastructure", "SFA.DAS.ToolsNotifications.Infrastructure\SFA.DAS.ToolsNotifications.Infrastructure.csproj", "{1A928F66-F8D7-4F74-97DC-21C429940967}"
EndProject
Global
	GlobalSection(SolutionConfigurationPlatforms) = preSolution
		Debug|Any CPU = Debug|Any CPU
		Release|Any CPU = Release|Any CPU
	EndGlobalSection
	GlobalSection(ProjectConfigurationPlatforms) = postSolution
		{B50D9B36-297F-4B01-8029-911A04639A69}.Debug|Any CPU.ActiveCfg = Debug|Any CPU
		{B50D9B36-297F-4B01-8029-911A04639A69}.Debug|Any CPU.Build.0 = Debug|Any CPU
		{B50D9B36-297F-4B01-8029-911A04639A69}.Release|Any CPU.ActiveCfg = Release|Any CPU
		{B50D9B36-297F-4B01-8029-911A04639A69}.Release|Any CPU.Build.0 = Release|Any CPU
		{85EF7D65-90F2-4A69-A8BE-EB006CF2793E}.Debug|Any CPU.ActiveCfg = Debug|Any CPU
		{85EF7D65-90F2-4A69-A8BE-EB006CF2793E}.Debug|Any CPU.Build.0 = Debug|Any CPU
		{85EF7D65-90F2-4A69-A8BE-EB006CF2793E}.Release|Any CPU.ActiveCfg = Release|Any CPU
		{85EF7D65-90F2-4A69-A8BE-EB006CF2793E}.Release|Any CPU.Build.0 = Release|Any CPU
		{1A928F66-F8D7-4F74-97DC-21C429940967}.Debug|Any CPU.ActiveCfg = Debug|Any CPU
		{1A928F66-F8D7-4F74-97DC-21C429940967}.Debug|Any CPU.Build.0 = Debug|Any CPU
		{1A928F66-F8D7-4F74-97DC-21C429940967}.Release|Any CPU.ActiveCfg = Release|Any CPU
		{1A928F66-F8D7-4F74-97DC-21C429940967}.Release|Any CPU.Build.0 = Release|Any CPU
	EndGlobalSection
	GlobalSection(SolutionProperties) = preSolution
		HideSolutionNode = FALSE
	EndGlobalSection
	GlobalSection(ExtensibilityGlobals) = postSolution
		SolutionGuid = {92D03210-1F04-4D2D-9197-B3F9161C53C0}
	EndGlobalSection
EndGlobal
